<Solution>
  <Folder Name="/Root/">
    <File Path=".dockerignore" />
    <File Path=".editorconfig" />
    <File Path=".github\renovate.json" />
    <File Path=".github\workflows\pr.yml" />
    <File Path=".gitignore" />
    <File Path="Dockerfile" />
  </Folder>
  <Project Path="Zenvofin/Zenvofin.csproj" />
</Solution>
